// !$*UTF8*$!
{
	archiveVersion = 1;
	classes = {
	};
	objectVersion = 46;
	objects = {

/* Begin PBXBuildFile section */
		46662CA01A47FD1A001CE76B /* Foundation.framework in Frameworks */ = {isa = PBXBuildFile; fileRef = 46662C9F1A47FD1A001CE76B /* Foundation.framework */; };
		46662CA21A47FD1B001CE76B /* CoreGraphics.framework in Frameworks */ = {isa = PBXBuildFile; fileRef = 46662CA11A47FD1B001CE76B /* CoreGraphics.framework */; };
		46662CA41A47FD1B001CE76B /* UIKit.framework in Frameworks */ = {isa = PBXBuildFile; fileRef = 46662CA31A47FD1B001CE76B /* UIKit.framework */; };
		46662CAA1A47FD1B001CE76B /* InfoPlist.strings in Resources */ = {isa = PBXBuildFile; fileRef = 46662CA81A47FD1B001CE76B /* InfoPlist.strings */; };
		46662CAC1A47FD1B001CE76B /* main.m in Sources */ = {isa = PBXBuildFile; fileRef = 46662CAB1A47FD1B001CE76B /* main.m */; };
		46662CB01A47FD1B001CE76B /* GameAppDelegate.m in Sources */ = {isa = PBXBuildFile; fileRef = 46662CAF1A47FD1B001CE76B /* GameAppDelegate.m */; };
		46662CB21A47FD1B001CE76B /* Images.xcassets in Resources */ = {isa = PBXBuildFile; fileRef = 46662CB11A47FD1B001CE76B /* Images.xcassets */; };
		46662CB91A47FD1B001CE76B /* XCTest.framework in Frameworks */ = {isa = PBXBuildFile; fileRef = 46662CB81A47FD1B001CE76B /* XCTest.framework */; };
		46662CBA1A47FD1B001CE76B /* Foundation.framework in Frameworks */ = {isa = PBXBuildFile; fileRef = 46662C9F1A47FD1A001CE76B /* Foundation.framework */; };
		46662CBB1A47FD1B001CE76B /* UIKit.framework in Frameworks */ = {isa = PBXBuildFile; fileRef = 46662CA31A47FD1B001CE76B /* UIKit.framework */; };
		46662CC31A47FD1B001CE76B /* InfoPlist.strings in Resources */ = {isa = PBXBuildFile; fileRef = 46662CC11A47FD1B001CE76B /* InfoPlist.strings */; };
		46662CC51A47FD1B001CE76B /* _048Tests.m in Sources */ = {isa = PBXBuildFile; fileRef = 46662CC41A47FD1B001CE76B /* _048Tests.m */; };
		46662CD31A47FE11001CE76B /* RootViewController.m in Sources */ = {isa = PBXBuildFile; fileRef = 46662CD21A47FE11001CE76B /* RootViewController.m */; };
/* End PBXBuildFile section */

/* Begin PBXContainerItemProxy section */
		46662CBC1A47FD1B001CE76B /* PBXContainerItemProxy */ = {
			isa = PBXContainerItemProxy;
			containerPortal = 46662C941A47FD1A001CE76B /* Project object */;
			proxyType = 1;
			remoteGlobalIDString = 46662C9B1A47FD1A001CE76B;
			remoteInfo = 2048;
		};
/* End PBXContainerItemProxy section */

/* Begin PBXFileReference section */
		46662C9C1A47FD1A001CE76B /* 2048.app */ = {isa = PBXFileReference; explicitFileType = wrapper.application; includeInIndex = 0; path = 2048.app; sourceTree = BUILT_PRODUCTS_DIR; };
		46662C9F1A47FD1A001CE76B /* Foundation.framework */ = {isa = PBXFileReference; lastKnownFileType = wrapper.framework; name = Foundation.framework; path = System/Library/Frameworks/Foundation.framework; sourceTree = SDKROOT; };
		46662CA11A47FD1B001CE76B /* CoreGraphics.framework */ = {isa = PBXFileReference; lastKnownFileType = wrapper.framework; name = CoreGraphics.framework; path = System/Library/Frameworks/CoreGraphics.framework; sourceTree = SDKROOT; };
		46662CA31A47FD1B001CE76B /* UIKit.framework */ = {isa = PBXFileReference; lastKnownFileType = wrapper.framework; name = UIKit.framework; path = System/Library/Frameworks/UIKit.framework; sourceTree = SDKROOT; };
		46662CA71A47FD1B001CE76B /* 2048-Info.plist */ = {isa = PBXFileReference; lastKnownFileType = text.plist.xml; path = "2048-Info.plist"; sourceTree = "<group>"; };
		46662CA91A47FD1B001CE76B /* en */ = {isa = PBXFileReference; lastKnownFileType = text.plist.strings; name = en; path = en.lproj/InfoPlist.strings; sourceTree = "<group>"; };
		46662CAB1A47FD1B001CE76B /* main.m */ = {isa = PBXFileReference; lastKnownFileType = sourcecode.c.objc; path = main.m; sourceTree = "<group>"; };
		46662CAD1A47FD1B001CE76B /* 2048-Prefix.pch */ = {isa = PBXFileReference; lastKnownFileType = sourcecode.c.h; path = "2048-Prefix.pch"; sourceTree = "<group>"; };
		46662CAE1A47FD1B001CE76B /* GameAppDelegate.h */ = {isa = PBXFileReference; lastKnownFileType = sourcecode.c.h; path = GameAppDelegate.h; sourceTree = "<group>"; };
		46662CAF1A47FD1B001CE76B /* GameAppDelegate.m */ = {isa = PBXFileReference; lastKnownFileType = sourcecode.c.objc; path = GameAppDelegate.m; sourceTree = "<group>"; };
		46662CB11A47FD1B001CE76B /* Images.xcassets */ = {isa = PBXFileReference; lastKnownFileType = folder.assetcatalog; path = Images.xcassets; sourceTree = "<group>"; };
		46662CB71A47FD1B001CE76B /* 2048Tests.xctest */ = {isa = PBXFileReference; explicitFileType = wrapper.cfbundle; includeInIndex = 0; path = 2048Tests.xctest; sourceTree = BUILT_PRODUCTS_DIR; };
		46662CB81A47FD1B001CE76B /* XCTest.framework */ = {isa = PBXFileReference; lastKnownFileType = wrapper.framework; name = XCTest.framework; path = Library/Frameworks/XCTest.framework; sourceTree = DEVELOPER_DIR; };
		46662CC01A47FD1B001CE76B /* 2048Tests-Info.plist */ = {isa = PBXFileReference; lastKnownFileType = text.plist.xml; path = "2048Tests-Info.plist"; sourceTree = "<group>"; };
		46662CC21A47FD1B001CE76B /* en */ = {isa = PBXFileReference; lastKnownFileType = text.plist.strings; name = en; path = en.lproj/InfoPlist.strings; sourceTree = "<group>"; };
		46662CC41A47FD1B001CE76B /* _048Tests.m */ = {isa = PBXFileReference; lastKnownFileType = sourcecode.c.objc; path = _048Tests.m; sourceTree = "<group>"; };
		46662CD11A47FE11001CE76B /* RootViewController.h */ = {isa = PBXFileReference; fileEncoding = 4; lastKnownFileType = sourcecode.c.h; path = RootViewController.h; sourceTree = "<group>"; };
		46662CD21A47FE11001CE76B /* RootViewController.m */ = {isa = PBXFileReference; fileEncoding = 4; lastKnownFileType = sourcecode.c.objc; path = RootViewController.m; sourceTree = "<group>"; };
/* End PBXFileReference section */

/* Begin PBXFrameworksBuildPhase section */
		46662C991A47FD1A001CE76B /* Frameworks */ = {
			isa = PBXFrameworksBuildPhase;
			buildActionMask = 2147483647;
			files = (
				46662CA21A47FD1B001CE76B /* CoreGraphics.framework in Frameworks */,
				46662CA41A47FD1B001CE76B /* UIKit.framework in Frameworks */,
				46662CA01A47FD1A001CE76B /* Foundation.framework in Frameworks */,
			);
			runOnlyForDeploymentPostprocessing = 0;
		};
		46662CB41A47FD1B001CE76B /* Frameworks */ = {
			isa = PBXFrameworksBuildPhase;
			buildActionMask = 2147483647;
			files = (
				46662CB91A47FD1B001CE76B /* XCTest.framework in Frameworks */,
				46662CBB1A47FD1B001CE76B /* UIKit.framework in Frameworks */,
				46662CBA1A47FD1B001CE76B /* Foundation.framework in Frameworks */,
			);
			runOnlyForDeploymentPostprocessing = 0;
		};
/* End PBXFrameworksBuildPhase section */

/* Begin PBXGroup section */
		46662C931A47FD1A001CE76B = {
			isa = PBXGroup;
			children = (
				46662CA51A47FD1B001CE76B /* 2048 */,
				46662CBE1A47FD1B001CE76B /* 2048Tests */,
				46662C9E1A47FD1A001CE76B /* Frameworks */,
				46662C9D1A47FD1A001CE76B /* Products */,
			);
			sourceTree = "<group>";
		};
		46662C9D1A47FD1A001CE76B /* Products */ = {
			isa = PBXGroup;
			children = (
				46662C9C1A47FD1A001CE76B /* 2048.app */,
				46662CB71A47FD1B001CE76B /* 2048Tests.xctest */,
			);
			name = Products;
			sourceTree = "<group>";
		};
		46662C9E1A47FD1A001CE76B /* Frameworks */ = {
			isa = PBXGroup;
			children = (
				46662C9F1A47FD1A001CE76B /* Foundation.framework */,
				46662CA11A47FD1B001CE76B /* CoreGraphics.framework */,
				46662CA31A47FD1B001CE76B /* UIKit.framework */,
				46662CB81A47FD1B001CE76B /* XCTest.framework */,
			);
			name = Frameworks;
			sourceTree = "<group>";
		};
		46662CA51A47FD1B001CE76B /* 2048 */ = {
			isa = PBXGroup;
			children = (
				46662CD01A47FDDF001CE76B /* View */,
				46662CCF1A47FDD0001CE76B /* Model */,
				46662CCE1A47FDAF001CE76B /* Controller */,
				46662CA61A47FD1B001CE76B /* Supporting Files */,
			);
			path = 2048;
			sourceTree = "<group>";
		};
		46662CA61A47FD1B001CE76B /* Supporting Files */ = {
			isa = PBXGroup;
			children = (
				46662CAE1A47FD1B001CE76B /* GameAppDelegate.h */,
				46662CAF1A47FD1B001CE76B /* GameAppDelegate.m */,
				46662CB11A47FD1B001CE76B /* Images.xcassets */,
				46662CA71A47FD1B001CE76B /* 2048-Info.plist */,
				46662CA81A47FD1B001CE76B /* InfoPlist.strings */,
				46662CAB1A47FD1B001CE76B /* main.m */,
				46662CAD1A47FD1B001CE76B /* 2048-Prefix.pch */,
			);
			name = "Supporting Files";
			sourceTree = "<group>";
		};
		46662CBE1A47FD1B001CE76B /* 2048Tests */ = {
			isa = PBXGroup;
			children = (
				46662CC41A47FD1B001CE76B /* _048Tests.m */,
				46662CBF1A47FD1B001CE76B /* Supporting Files */,
			);
			path = 2048Tests;
			sourceTree = "<group>";
		};
		46662CBF1A47FD1B001CE76B /* Supporting Files */ = {
			isa = PBXGroup;
			children = (
				46662CC01A47FD1B001CE76B /* 2048Tests-Info.plist */,
				46662CC11A47FD1B001CE76B /* InfoPlist.strings */,
			);
			name = "Supporting Files";
			sourceTree = "<group>";
		};
		46662CCE1A47FDAF001CE76B /* Controller */ = {
			isa = PBXGroup;
			children = (
				46662CD11A47FE11001CE76B /* RootViewController.h */,
				46662CD21A47FE11001CE76B /* RootViewController.m */,
			);
			name = Controller;
			sourceTree = "<group>";
		};
		46662CCF1A47FDD0001CE76B /* Model */ = {
			isa = PBXGroup;
			children = (
			);
			name = Model;
			sourceTree = "<group>";
		};
		46662CD01A47FDDF001CE76B /* View */ = {
			isa = PBXGroup;
			children = (
			);
			name = View;
			sourceTree = "<group>";
		};
/* End PBXGroup section */

/* Begin PBXNativeTarget section */
		46662C9B1A47FD1A001CE76B /* 2048 */ = {
			isa = PBXNativeTarget;
			buildConfigurationList = 46662CC81A47FD1B001CE76B /* Build configuration list for PBXNativeTarget "2048" */;
			buildPhases = (
				46662C981A47FD1A001CE76B /* Sources */,
				46662C991A47FD1A001CE76B /* Frameworks */,
				46662C9A1A47FD1A001CE76B /* Resources */,
			);
			buildRules = (
			);
			dependencies = (
			);
			name = 2048;
			productName = 2048;
			productReference = 46662C9C1A47FD1A001CE76B /* 2048.app */;
			productType = "com.apple.product-type.application";
		};
		46662CB61A47FD1B001CE76B /* 2048Tests */ = {
			isa = PBXNativeTarget;
			buildConfigurationList = 46662CCB1A47FD1B001CE76B /* Build configuration list for PBXNativeTarget "2048Tests" */;
			buildPhases = (
				46662CB31A47FD1B001CE76B /* Sources */,
				46662CB41A47FD1B001CE76B /* Frameworks */,
				46662CB51A47FD1B001CE76B /* Resources */,
			);
			buildRules = (
			);
			dependencies = (
				46662CBD1A47FD1B001CE76B /* PBXTargetDependency */,
			);
			name = 2048Tests;
			productName = 2048Tests;
			productReference = 46662CB71A47FD1B001CE76B /* 2048Tests.xctest */;
			productType = "com.apple.product-type.bundle.unit-test";
		};
/* End PBXNativeTarget section */

/* Begin PBXProject section */
		46662C941A47FD1A001CE76B /* Project object */ = {
			isa = PBXProject;
			attributes = {
				CLASSPREFIX = Game;
				LastUpgradeCheck = 0510;
				ORGANIZATIONNAME = cn.com.tiros;
				TargetAttributes = {
					46662CB61A47FD1B001CE76B = {
						TestTargetID = 46662C9B1A47FD1A001CE76B;
					};
				};
			};
			buildConfigurationList = 46662C971A47FD1A001CE76B /* Build configuration list for PBXProject "2048" */;
			compatibilityVersion = "Xcode 3.2";
			developmentRegion = English;
			hasScannedForEncodings = 0;
			knownRegions = (
				en,
			);
			mainGroup = 46662C931A47FD1A001CE76B;
			productRefGroup = 46662C9D1A47FD1A001CE76B /* Products */;
			projectDirPath = "";
			projectRoot = "";
			targets = (
				46662C9B1A47FD1A001CE76B /* 2048 */,
				46662CB61A47FD1B001CE76B /* 2048Tests */,
			);
		};
/* End PBXProject section */

/* Begin PBXResourcesBuildPhase section */
		46662C9A1A47FD1A001CE76B /* Resources */ = {
			isa = PBXResourcesBuildPhase;
			buildActionMask = 2147483647;
			files = (
				46662CAA1A47FD1B001CE76B /* InfoPlist.strings in Resources */,
				46662CB21A47FD1B001CE76B /* Images.xcassets in Resources */,
			);
			runOnlyForDeploymentPostprocessing = 0;
		};
		46662CB51A47FD1B001CE76B /* Resources */ = {
			isa = PBXResourcesBuildPhase;
			buildActionMask = 2147483647;
			files = (
				46662CC31A47FD1B001CE76B /* InfoPlist.strings in Resources */,
			);
			runOnlyForDeploymentPostprocessing = 0;
		};
/* End PBXResourcesBuildPhase section */

/* Begin PBXSourcesBuildPhase section */
		46662C981A47FD1A001CE76B /* Sources */ = {
			isa = PBXSourcesBuildPhase;
			buildActionMask = 2147483647;
			files = (
				46662CB01A47FD1B001CE76B /* GameAppDelegate.m in Sources */,
				46662CAC1A47FD1B001CE76B /* main.m in Sources */,
				46662CD31A47FE11001CE76B /* RootViewController.m in Sources */,
			);
			runOnlyForDeploymentPostprocessing = 0;
		};
		46662CB31A47FD1B001CE76B /* Sources */ = {
			isa = PBXSourcesBuildPhase;
			buildActionMask = 2147483647;
			files = (
				46662CC51A47FD1B001CE76B /* _048Tests.m in Sources */,
			);
			runOnlyForDeploymentPostprocessing = 0;
		};
/* End PBXSourcesBuildPhase section */

/* Begin PBXTargetDependency section */
		46662CBD1A47FD1B001CE76B /* PBXTargetDependency */ = {
			isa = PBXTargetDependency;
			target = 46662C9B1A47FD1A001CE76B /* 2048 */;
			targetProxy = 46662CBC1A47FD1B001CE76B /* PBXContainerItemProxy */;
		};
/* End PBXTargetDependency section */

/* Begin PBXVariantGroup section */
		46662CA81A47FD1B001CE76B /* InfoPlist.strings */ = {
			isa = PBXVariantGroup;
			children = (
				46662CA91A47FD1B001CE76B /* en */,
			);
			name = InfoPlist.strings;
			sourceTree = "<group>";
		};
		46662CC11A47FD1B001CE76B /* InfoPlist.strings */ = {
			isa = PBXVariantGroup;
			children = (
				46662CC21A47FD1B001CE76B /* en */,
			);
			name = InfoPlist.strings;
			sourceTree = "<group>";
		};
/* End PBXVariantGroup section */

/* Begin XCBuildConfiguration section */
		46662CC61A47FD1B001CE76B /* Debug */ = {
			isa = XCBuildConfiguration;
			buildSettings = {
				ALWAYS_SEARCH_USER_PATHS = NO;
				CLANG_CXX_LANGUAGE_STANDARD = "gnu++0x";
				CLANG_CXX_LIBRARY = "libc++";
				CLANG_ENABLE_MODULES = YES;
				CLANG_ENABLE_OBJC_ARC = YES;
				CLANG_WARN_BOOL_CONVERSION = YES;
				CLANG_WARN_CONSTANT_CONVERSION = YES;
				CLANG_WARN_DIRECT_OBJC_ISA_USAGE = YES_ERROR;
				CLANG_WARN_EMPTY_BODY = YES;
				CLANG_WARN_ENUM_CONVERSION = YES;
				CLANG_WARN_INT_CONVERSION = YES;
				CLANG_WARN_OBJC_ROOT_CLASS = YES_ERROR;
				CLANG_WARN__DUPLICATE_METHOD_MATCH = YES;
				"CODE_SIGN_IDENTITY[sdk=iphoneos*]" = "iPhone Developer";
				COPY_PHASE_STRIP = NO;
				GCC_C_LANGUAGE_STANDARD = gnu99;
				GCC_DYNAMIC_NO_PIC = NO;
				GCC_OPTIMIZATION_LEVEL = 0;
				GCC_PREPROCESSOR_DEFINITIONS = (
					"DEBUG=1",
					"$(inherited)",
				);
				GCC_SYMBOLS_PRIVATE_EXTERN = NO;
				GCC_WARN_64_TO_32_BIT_CONVERSION = YES;
				GCC_WARN_ABOUT_RETURN_TYPE = YES_ERROR;
				GCC_WARN_UNDECLARED_SELECTOR = YES;
				GCC_WARN_UNINITIALIZED_AUTOS = YES_AGGRESSIVE;
				GCC_WARN_UNUSED_FUNCTION = YES;
				GCC_WARN_UNUSED_VARIABLE = YES;
				IPHONEOS_DEPLOYMENT_TARGET = 7.1;
				ONLY_ACTIVE_ARCH = YES;
				SDKROOT = iphoneos;
			};
			name = Debug;
		};
		46662CC71A47FD1B001CE76B /* Release */ = {
			isa = XCBuildConfiguration;
			buildSettings = {
				ALWAYS_SEARCH_USER_PATHS = NO;
				CLANG_CXX_LANGUAGE_STANDARD = "gnu++0x";
				CLANG_CXX_LIBRARY = "libc++";
				CLANG_ENABLE_MODULES = YES;
				CLANG_ENABLE_OBJC_ARC = YES;
				CLANG_WARN_BOOL_CONVERSION = YES;
				CLANG_WARN_CONSTANT_CONVERSION = YES;
				CLANG_WARN_DIRECT_OBJC_ISA_USAGE = YES_ERROR;
				CLANG_WARN_EMPTY_BODY = YES;
				CLANG_WARN_ENUM_CONVERSION = YES;
				CLANG_WARN_INT_CONVERSION = YES;
				CLANG_WARN_OBJC_ROOT_CLASS = YES_ERROR;
				CLANG_WARN__DUPLICATE_METHOD_MATCH = YES;
				"CODE_SIGN_IDENTITY[sdk=iphoneos*]" = "iPhone Developer";
				COPY_PHASE_STRIP = YES;
				ENABLE_NS_ASSERTIONS = NO;
				GCC_C_LANGUAGE_STANDARD = gnu99;
				GCC_WARN_64_TO_32_BIT_CONVERSION = YES;
				GCC_WARN_ABOUT_RETURN_TYPE = YES_ERROR;
				GCC_WARN_UNDECLARED_SELECTOR = YES;
				GCC_WARN_UNINITIALIZED_AUTOS = YES_AGGRESSIVE;
				GCC_WARN_UNUSED_FUNCTION = YES;
				GCC_WARN_UNUSED_VARIABLE = YES;
				IPHONEOS_DEPLOYMENT_TARGET = 7.1;
				SDKROOT = iphoneos;
				VALIDATE_PRODUCT = YES;
			};
			name = Release;
		};
		46662CC91A47FD1B001CE76B /* Debug */ = {
			isa = XCBuildConfiguration;
			buildSettings = {
				ASSETCATALOG_COMPILER_APPICON_NAME = AppIcon;
				ASSETCATALOG_COMPILER_LAUNCHIMAGE_NAME = LaunchImage;
				GCC_PRECOMPILE_PREFIX_HEADER = YES;
				GCC_PREFIX_HEADER = "2048/2048-Prefix.pch";
				INFOPLIST_FILE = "2048/2048-Info.plist";
				PRODUCT_NAME = "$(TARGET_NAME)";
				WRAPPER_EXTENSION = app;
			};
			name = Debug;
		};
		46662CCA1A47FD1B001CE76B /* Release */ = {
			isa = XCBuildConfiguration;
			buildSettings = {
				ASSETCATALOG_COMPILER_APPICON_NAME = AppIcon;
				ASSETCATALOG_COMPILER_LAUNCHIMAGE_NAME = LaunchImage;
				GCC_PRECOMPILE_PREFIX_HEADER = YES;
				GCC_PREFIX_HEADER = "2048/2048-Prefix.pch";
				INFOPLIST_FILE = "2048/2048-Info.plist";
				PRODUCT_NAME = "$(TARGET_NAME)";
				WRAPPER_EXTENSION = app;
			};
			name = Release;
		};
		46662CCC1A47FD1B001CE76B /* Debug */ = {
			isa = XCBuildConfiguration;
			buildSettings = {
				BUNDLE_LOADER = "$(BUILT_PRODUCTS_DIR)/2048.app/2048";
				FRAMEWORK_SEARCH_PATHS = (
					"$(SDKROOT)/Developer/Library/Frameworks",
					"$(inherited)",
					"$(DEVELOPER_FRAMEWORKS_DIR)",
				);
				GCC_PRECOMPILE_PREFIX_HEADER = YES;
				GCC_PREFIX_HEADER = "2048/2048-Prefix.pch";
				GCC_PREPROCESSOR_DEFINITIONS = (
					"DEBUG=1",
					"$(inherited)",
				);
				INFOPLIST_FILE = "2048Tests/2048Tests-Info.plist";
				PRODUCT_NAME = "$(TARGET_NAME)";
				TEST_HOST = "$(BUNDLE_LOADER)";
				WRAPPER_EXTENSION = xctest;
			};
			name = Debug;
		};
		46662CCD1A47FD1B001CE76B /* Release */ = {
			isa = XCBuildConfiguration;
			buildSettings = {
				BUNDLE_LOADER = "$(BUILT_PRODUCTS_DIR)/2048.app/2048";
				FRAMEWORK_SEARCH_PATHS = (
					"$(SDKROOT)/Developer/Library/Frameworks",
					"$(inherited)",
					"$(DEVELOPER_FRAMEWORKS_DIR)",
				);
				GCC_PRECOMPILE_PREFIX_HEADER = YES;
				GCC_PREFIX_HEADER = "2048/2048-Prefix.pch";
				INFOPLIST_FILE = "2048Tests/2048Tests-Info.plist";
				PRODUCT_NAME = "$(TARGET_NAME)";
				TEST_HOST = "$(BUNDLE_LOADER)";
				WRAPPER_EXTENSION = xctest;
			};
			name = Release;
		};
/* End XCBuildConfiguration section */

/* Begin XCConfigurationList section */
		46662C971A47FD1A001CE76B /* Build configuration list for PBXProject "2048" */ = {
			isa = XCConfigurationList;
			buildConfigurations = (
				46662CC61A47FD1B001CE76B /* Debug */,
				46662CC71A47FD1B001CE76B /* Release */,
			);
			defaultConfigurationIsVisible = 0;
			defaultConfigurationName = Release;
		};
		46662CC81A47FD1B001CE76B /* Build configuration list for PBXNativeTarget "2048" */ = {
			isa = XCConfigurationList;
			buildConfigurations = (
				46662CC91A47FD1B001CE76B /* Debug */,
				46662CCA1A47FD1B001CE76B /* Release */,
			);
			defaultConfigurationIsVisible = 0;
		};
		46662CCB1A47FD1B001CE76B /* Build configuration list for PBXNativeTarget "2048Tests" */ = {
			isa = XCConfigurationList;
			buildConfigurations = (
				46662CCC1A47FD1B001CE76B /* Debug */,
				46662CCD1A47FD1B001CE76B /* Release */,
			);
			defaultConfigurationIsVisible = 0;
		};
/* End XCConfigurationList section */
	};
	rootObject = 46662C941A47FD1A001CE76B /* Project object */;
}
